
Microsoft Visual Studio Solution File, Format Version 12.00
# Visual Studio Version 17
VisualStudioVersion = 17.10.35013.160
MinimumVisualStudioVersion = 10.0.40219.1
Project("{FAE04EC0-301F-11D3-BF4B-00C04F79EFBC}") = "nasmCompileTest", "nasmCompileTest\nasmCompileTest.csproj", "{5D7F2550-2285-4541-8092-C55FEF418785}"
EndProject
Global
	GlobalSection(SolutionConfigurationPlatforms) = preSolution
		Debug|Any CPU = Debug|Any CPU
		Release|Any CPU = Release|Any CPU
	EndGlobalSection
	GlobalSection(ProjectConfigurationPlatforms) = postSolution
		{5D7F2550-2285-4541-8092-C55FEF418785}.Debug|Any CPU.ActiveCfg = Debug|Any CPU
		{5D7F2550-2285-4541-8092-C55FEF418785}.Debug|Any CPU.Build.0 = Debug|Any CPU
		{5D7F2550-2285-4541-8092-C55FEF418785}.Release|Any CPU.ActiveCfg = Release|Any CPU
		{5D7F2550-2285-4541-8092-C55FEF418785}.Release|Any CPU.Build.0 = Release|Any CPU
	EndGlobalSection
	GlobalSection(SolutionProperties) = preSolution
		HideSolutionNode = FALSE
	EndGlobalSection
	GlobalSection(ExtensibilityGlobals) = postSolution
		SolutionGuid = {9205FCD5-836A-46AD-98BF-9C0469C52AC3}
	EndGlobalSection
EndGlobal
